
Microsoft Visual Studio Solution File, Format Version 12.00
# Visual Studio Version 17
VisualStudioVersion = 17.0.31919.166
MinimumVisualStudioVersion = 10.0.40219.1
Project("{9A19103F-16F7-4668-BE54-9A1E7A4F7556}") = "Domain", "Domain\Domain.csproj", "{9B0D90B0-7AFB-4F0D-BEE7-63638BE5185E}"
EndProject
Project("{9A19103F-16F7-4668-BE54-9A1E7A4F7556}") = "DataAccess", "DataAccess\DataAccess.csproj", "{71CD4D4A-6FC5-4411-8A2A-98E26A39F5D2}"
	ProjectSection(ProjectDependencies) = postProject
		{9B0D90B0-7AFB-4F0D-BEE7-63638BE5185E} = {9B0D90B0-7AFB-4F0D-BEE7-63638BE5185E}
	EndProjectSection
EndProject
Project("{9A19103F-16F7-4668-BE54-9A1E7A4F7556}") = "Contracts", "Contracts\Contracts.csproj", "{88A02A1D-2A25-4E2A-BB29-E271F520EC41}"
EndProject
Project("{9A19103F-16F7-4668-BE54-9A1E7A4F7556}") = "DataAccess.Test", "DataAccess.Test\DataAccess.Test.csproj", "{E30F4655-5162-42B6-994D-C23F8983FD3B}"
EndProject
Project("{9A19103F-16F7-4668-BE54-9A1E7A4F7556}") = "GrpcService", "GrpcService\GrpcService.csproj", "{30CCDCA6-5E6C-4A00-95B2-3EB9B17B3774}"
EndProject
Project("{9A19103F-16F7-4668-BE54-9A1E7A4F7556}") = "GrpcProtos", "GrpcProtos\GrpcProtos.csproj", "{887A75AA-4CF4-4C45-BDAA-E9BE9D5803D3}"
EndProject
Project("{9A19103F-16F7-4668-BE54-9A1E7A4F7556}") = "Application", "Application\Application.csproj", "{F94C481D-C684-428B-91BB-1ADEE5995C43}"
EndProject
Project("{FAE04EC0-301F-11D3-BF4B-00C04F79EFBC}") = "ConsoleApp", "ConsoleApp\ConsoleApp.csproj", "{4097D958-244D-4352-AC41-93DC475924D2}"
EndProject
Global
	GlobalSection(SolutionConfigurationPlatforms) = preSolution
		Debug|Any CPU = Debug|Any CPU
		Release|Any CPU = Release|Any CPU
	EndGlobalSection
	GlobalSection(ProjectConfigurationPlatforms) = postSolution
		{9B0D90B0-7AFB-4F0D-BEE7-63638BE5185E}.Debug|Any CPU.ActiveCfg = Debug|Any CPU
		{9B0D90B0-7AFB-4F0D-BEE7-63638BE5185E}.Debug|Any CPU.Build.0 = Debug|Any CPU
		{9B0D90B0-7AFB-4F0D-BEE7-63638BE5185E}.Release|Any CPU.ActiveCfg = Release|Any CPU
		{9B0D90B0-7AFB-4F0D-BEE7-63638BE5185E}.Release|Any CPU.Build.0 = Release|Any CPU
		{71CD4D4A-6FC5-4411-8A2A-98E26A39F5D2}.Debug|Any CPU.ActiveCfg = Debug|Any CPU
		{71CD4D4A-6FC5-4411-8A2A-98E26A39F5D2}.Debug|Any CPU.Build.0 = Debug|Any CPU
		{71CD4D4A-6FC5-4411-8A2A-98E26A39F5D2}.Release|Any CPU.ActiveCfg = Release|Any CPU
		{71CD4D4A-6FC5-4411-8A2A-98E26A39F5D2}.Release|Any CPU.Build.0 = Release|Any CPU
		{88A02A1D-2A25-4E2A-BB29-E271F520EC41}.Debug|Any CPU.ActiveCfg = Debug|Any CPU
		{88A02A1D-2A25-4E2A-BB29-E271F520EC41}.Debug|Any CPU.Build.0 = Debug|Any CPU
		{88A02A1D-2A25-4E2A-BB29-E271F520EC41}.Release|Any CPU.ActiveCfg = Release|Any CPU
		{88A02A1D-2A25-4E2A-BB29-E271F520EC41}.Release|Any CPU.Build.0 = Release|Any CPU
		{E30F4655-5162-42B6-994D-C23F8983FD3B}.Debug|Any CPU.ActiveCfg = Debug|Any CPU
		{E30F4655-5162-42B6-994D-C23F8983FD3B}.Debug|Any CPU.Build.0 = Debug|Any CPU
		{E30F4655-5162-42B6-994D-C23F8983FD3B}.Release|Any CPU.ActiveCfg = Release|Any CPU
		{E30F4655-5162-42B6-994D-C23F8983FD3B}.Release|Any CPU.Build.0 = Release|Any CPU
		{30CCDCA6-5E6C-4A00-95B2-3EB9B17B3774}.Debug|Any CPU.ActiveCfg = Debug|Any CPU
		{30CCDCA6-5E6C-4A00-95B2-3EB9B17B3774}.Debug|Any CPU.Build.0 = Debug|Any CPU
		{30CCDCA6-5E6C-4A00-95B2-3EB9B17B3774}.Release|Any CPU.ActiveCfg = Release|Any CPU
		{30CCDCA6-5E6C-4A00-95B2-3EB9B17B3774}.Release|Any CPU.Build.0 = Release|Any CPU
		{887A75AA-4CF4-4C45-BDAA-E9BE9D5803D3}.Debug|Any CPU.ActiveCfg = Debug|Any CPU
		{887A75AA-4CF4-4C45-BDAA-E9BE9D5803D3}.Debug|Any CPU.Build.0 = Debug|Any CPU
		{887A75AA-4CF4-4C45-BDAA-E9BE9D5803D3}.Release|Any CPU.ActiveCfg = Release|Any CPU
		{887A75AA-4CF4-4C45-BDAA-E9BE9D5803D3}.Release|Any CPU.Build.0 = Release|Any CPU
		{F94C481D-C684-428B-91BB-1ADEE5995C43}.Debug|Any CPU.ActiveCfg = Debug|Any CPU
		{F94C481D-C684-428B-91BB-1ADEE5995C43}.Debug|Any CPU.Build.0 = Debug|Any CPU
		{F94C481D-C684-428B-91BB-1ADEE5995C43}.Release|Any CPU.ActiveCfg = Release|Any CPU
		{F94C481D-C684-428B-91BB-1ADEE5995C43}.Release|Any CPU.Build.0 = Release|Any CPU
		{4097D958-244D-4352-AC41-93DC475924D2}.Debug|Any CPU.ActiveCfg = Debug|Any CPU
		{4097D958-244D-4352-AC41-93DC475924D2}.Debug|Any CPU.Build.0 = Debug|Any CPU
		{4097D958-244D-4352-AC41-93DC475924D2}.Release|Any CPU.ActiveCfg = Release|Any CPU
		{4097D958-244D-4352-AC41-93DC475924D2}.Release|Any CPU.Build.0 = Release|Any CPU
	EndGlobalSection
	GlobalSection(SolutionProperties) = preSolution
		HideSolutionNode = FALSE
	EndGlobalSection
	GlobalSection(ExtensibilityGlobals) = postSolution
		SolutionGuid = {6D19F38F-538B-4048-84E2-6F76DAF37605}
	EndGlobalSection
EndGlobal
